
Microsoft Visual Studio Solution File, Format Version 12.00
# Visual Studio Version 17
VisualStudioVersion = 17.2.32602.215
MinimumVisualStudioVersion = 10.0.40219.1
Project("{FAE04EC0-301F-11D3-BF4B-00C04F79EFBC}") = "01.Shapes", "01.Shapes\01.Shapes.csproj", "{CFB058FA-9F9C-487E-9C80-F148F45AB0B9}"
EndProject
Project("{FAE04EC0-301F-11D3-BF4B-00C04F79EFBC}") = "Cars", "Cars\Cars.csproj", "{53C202BB-2E0C-4186-BE90-F0932BA1C5AA}"
EndProject
Global
	GlobalSection(SolutionConfigurationPlatforms) = preSolution
		Debug|Any CPU = Debug|Any CPU
		Release|Any CPU = Release|Any CPU
	EndGlobalSection
	GlobalSection(ProjectConfigurationPlatforms) = postSolution
		{CFB058FA-9F9C-487E-9C80-F148F45AB0B9}.Debug|Any CPU.ActiveCfg = Debug|Any CPU
		{CFB058FA-9F9C-487E-9C80-F148F45AB0B9}.Debug|Any CPU.Build.0 = Debug|Any CPU
		{CFB058FA-9F9C-487E-9C80-F148F45AB0B9}.Release|Any CPU.ActiveCfg = Release|Any CPU
		{CFB058FA-9F9C-487E-9C80-F148F45AB0B9}.Release|Any CPU.Build.0 = Release|Any CPU
		{53C202BB-2E0C-4186-BE90-F0932BA1C5AA}.Debug|Any CPU.ActiveCfg = Debug|Any CPU
		{53C202BB-2E0C-4186-BE90-F0932BA1C5AA}.Debug|Any CPU.Build.0 = Debug|Any CPU
		{53C202BB-2E0C-4186-BE90-F0932BA1C5AA}.Release|Any CPU.ActiveCfg = Release|Any CPU
		{53C202BB-2E0C-4186-BE90-F0932BA1C5AA}.Release|Any CPU.Build.0 = Release|Any CPU
	EndGlobalSection
	GlobalSection(SolutionProperties) = preSolution
		HideSolutionNode = FALSE
	EndGlobalSection
	GlobalSection(ExtensibilityGlobals) = postSolution
		SolutionGuid = {6CA743CC-8C5F-4B59-AE12-F15B79B6BDB1}
	EndGlobalSection
EndGlobal
