
Microsoft Visual Studio Solution File, Format Version 12.00
# Visual Studio Version 17
VisualStudioVersion = 17.3.32901.215
MinimumVisualStudioVersion = 10.0.40219.1
Project("{FAE04EC0-301F-11D3-BF4B-00C04F79EFBC}") = "DefineAnInterfaceIPerson", "DefineAnInterfaceIPerson\DefineAnInterfaceIPerson.csproj", "{53392DF9-F8E6-459B-8A49-A114920D4C34}"
EndProject
Project("{FAE04EC0-301F-11D3-BF4B-00C04F79EFBC}") = "MultipleImplementation", "MultipleImplementation\MultipleImplementation.csproj", "{7C3AC73B-5B8D-43EA-A49E-9F5B91F2A757}"
EndProject
Project("{FAE04EC0-301F-11D3-BF4B-00C04F79EFBC}") = "Telephony", "Telephony\Telephony.csproj", "{8804DD08-A3E9-448B-8BE8-9E81484C78F4}"
EndProject
Project("{FAE04EC0-301F-11D3-BF4B-00C04F79EFBC}") = "BorderControl", "BorderControl\BorderControl.csproj", "{E451BED3-888D-449C-9275-A589222EF043}"
EndProject
Project("{FAE04EC0-301F-11D3-BF4B-00C04F79EFBC}") = "BirthdayCelebrations", "BirthdayCelebrations\BirthdayCelebrations.csproj", "{B522A514-D562-4E20-873D-2E00D67DD761}"
EndProject
Project("{FAE04EC0-301F-11D3-BF4B-00C04F79EFBC}") = "FoodShortage", "FoodShortage\FoodShortage.csproj", "{E465CB68-32EA-49A0-8288-4CA1BF18C528}"
EndProject
Global
	GlobalSection(SolutionConfigurationPlatforms) = preSolution
		Debug|Any CPU = Debug|Any CPU
		Release|Any CPU = Release|Any CPU
	EndGlobalSection
	GlobalSection(ProjectConfigurationPlatforms) = postSolution
		{53392DF9-F8E6-459B-8A49-A114920D4C34}.Debug|Any CPU.ActiveCfg = Debug|Any CPU
		{53392DF9-F8E6-459B-8A49-A114920D4C34}.Debug|Any CPU.Build.0 = Debug|Any CPU
		{53392DF9-F8E6-459B-8A49-A114920D4C34}.Release|Any CPU.ActiveCfg = Release|Any CPU
		{53392DF9-F8E6-459B-8A49-A114920D4C34}.Release|Any CPU.Build.0 = Release|Any CPU
		{7C3AC73B-5B8D-43EA-A49E-9F5B91F2A757}.Debug|Any CPU.ActiveCfg = Debug|Any CPU
		{7C3AC73B-5B8D-43EA-A49E-9F5B91F2A757}.Debug|Any CPU.Build.0 = Debug|Any CPU
		{7C3AC73B-5B8D-43EA-A49E-9F5B91F2A757}.Release|Any CPU.ActiveCfg = Release|Any CPU
		{7C3AC73B-5B8D-43EA-A49E-9F5B91F2A757}.Release|Any CPU.Build.0 = Release|Any CPU
		{8804DD08-A3E9-448B-8BE8-9E81484C78F4}.Debug|Any CPU.ActiveCfg = Debug|Any CPU
		{8804DD08-A3E9-448B-8BE8-9E81484C78F4}.Debug|Any CPU.Build.0 = Debug|Any CPU
		{8804DD08-A3E9-448B-8BE8-9E81484C78F4}.Release|Any CPU.ActiveCfg = Release|Any CPU
		{8804DD08-A3E9-448B-8BE8-9E81484C78F4}.Release|Any CPU.Build.0 = Release|Any CPU
		{E451BED3-888D-449C-9275-A589222EF043}.Debug|Any CPU.ActiveCfg = Debug|Any CPU
		{E451BED3-888D-449C-9275-A589222EF043}.Debug|Any CPU.Build.0 = Debug|Any CPU
		{E451BED3-888D-449C-9275-A589222EF043}.Release|Any CPU.ActiveCfg = Release|Any CPU
		{E451BED3-888D-449C-9275-A589222EF043}.Release|Any CPU.Build.0 = Release|Any CPU
		{B522A514-D562-4E20-873D-2E00D67DD761}.Debug|Any CPU.ActiveCfg = Debug|Any CPU
		{B522A514-D562-4E20-873D-2E00D67DD761}.Debug|Any CPU.Build.0 = Debug|Any CPU
		{B522A514-D562-4E20-873D-2E00D67DD761}.Release|Any CPU.ActiveCfg = Release|Any CPU
		{B522A514-D562-4E20-873D-2E00D67DD761}.Release|Any CPU.Build.0 = Release|Any CPU
		{E465CB68-32EA-49A0-8288-4CA1BF18C528}.Debug|Any CPU.ActiveCfg = Debug|Any CPU
		{E465CB68-32EA-49A0-8288-4CA1BF18C528}.Debug|Any CPU.Build.0 = Debug|Any CPU
		{E465CB68-32EA-49A0-8288-4CA1BF18C528}.Release|Any CPU.ActiveCfg = Release|Any CPU
		{E465CB68-32EA-49A0-8288-4CA1BF18C528}.Release|Any CPU.Build.0 = Release|Any CPU
	EndGlobalSection
	GlobalSection(SolutionProperties) = preSolution
		HideSolutionNode = FALSE
	EndGlobalSection
	GlobalSection(ExtensibilityGlobals) = postSolution
		SolutionGuid = {F66F1F1B-B9BD-46C8-8070-A3A1E0263EF9}
	EndGlobalSection
EndGlobal
