
Microsoft Visual Studio Solution File, Format Version 12.00
# Visual Studio Version 17
VisualStudioVersion = 17.5.33414.496
MinimumVisualStudioVersion = 10.0.40219.1
Project("{FAE04EC0-301F-11D3-BF4B-00C04F79EFBC}") = "P01_StudentSystem", "P01_StudentSystem.csproj", "{EE21BB97-0455-4437-81AC-8C3263F3F138}"
EndProject
Project("{FAE04EC0-301F-11D3-BF4B-00C04F79EFBC}") = "P01_StudentSystem.Data", "..\P01_StudentSystem.Data\P01_StudentSystem.Data.csproj", "{9DCA9A95-B484-4EA0-B973-395BD1FF56EF}"
EndProject
Project("{FAE04EC0-301F-11D3-BF4B-00C04F79EFBC}") = "P01_StudentSystem.Data.Models", "..\P01_StudentSystem.Data.Models\P01_StudentSystem.Data.Models.csproj", "{389C6DDC-B7FE-4396-B050-9691DD0A2107}"
EndProject
Project("{FAE04EC0-301F-11D3-BF4B-00C04F79EFBC}") = "P01_StudentSystem.Data.Common", "..\P01_StudentSystem.Data.Common\P01_StudentSystem.Data.Common.csproj", "{FB70E93D-7E31-4E49-968B-4B58F3F97C11}"
EndProject
Global
	GlobalSection(SolutionConfigurationPlatforms) = preSolution
		Debug|Any CPU = Debug|Any CPU
		Release|Any CPU = Release|Any CPU
	EndGlobalSection
	GlobalSection(ProjectConfigurationPlatforms) = postSolution
		{EE21BB97-0455-4437-81AC-8C3263F3F138}.Debug|Any CPU.ActiveCfg = Debug|Any CPU
		{EE21BB97-0455-4437-81AC-8C3263F3F138}.Debug|Any CPU.Build.0 = Debug|Any CPU
		{EE21BB97-0455-4437-81AC-8C3263F3F138}.Release|Any CPU.ActiveCfg = Release|Any CPU
		{EE21BB97-0455-4437-81AC-8C3263F3F138}.Release|Any CPU.Build.0 = Release|Any CPU
		{9DCA9A95-B484-4EA0-B973-395BD1FF56EF}.Debug|Any CPU.ActiveCfg = Debug|Any CPU
		{9DCA9A95-B484-4EA0-B973-395BD1FF56EF}.Debug|Any CPU.Build.0 = Debug|Any CPU
		{9DCA9A95-B484-4EA0-B973-395BD1FF56EF}.Release|Any CPU.ActiveCfg = Release|Any CPU
		{9DCA9A95-B484-4EA0-B973-395BD1FF56EF}.Release|Any CPU.Build.0 = Release|Any CPU
		{389C6DDC-B7FE-4396-B050-9691DD0A2107}.Debug|Any CPU.ActiveCfg = Debug|Any CPU
		{389C6DDC-B7FE-4396-B050-9691DD0A2107}.Debug|Any CPU.Build.0 = Debug|Any CPU
		{389C6DDC-B7FE-4396-B050-9691DD0A2107}.Release|Any CPU.ActiveCfg = Release|Any CPU
		{389C6DDC-B7FE-4396-B050-9691DD0A2107}.Release|Any CPU.Build.0 = Release|Any CPU
		{FB70E93D-7E31-4E49-968B-4B58F3F97C11}.Debug|Any CPU.ActiveCfg = Debug|Any CPU
		{FB70E93D-7E31-4E49-968B-4B58F3F97C11}.Debug|Any CPU.Build.0 = Debug|Any CPU
		{FB70E93D-7E31-4E49-968B-4B58F3F97C11}.Release|Any CPU.ActiveCfg = Release|Any CPU
		{FB70E93D-7E31-4E49-968B-4B58F3F97C11}.Release|Any CPU.Build.0 = Release|Any CPU
	EndGlobalSection
	GlobalSection(SolutionProperties) = preSolution
		HideSolutionNode = FALSE
	EndGlobalSection
	GlobalSection(ExtensibilityGlobals) = postSolution
		SolutionGuid = {F6BB4D42-AB0C-4E2D-B9C2-1FE48ABFBA07}
	EndGlobalSection
EndGlobal
