
Microsoft Visual Studio Solution File, Format Version 12.00
# Visual Studio Version 17
VisualStudioVersion = 17.0.32112.339
MinimumVisualStudioVersion = 10.0.40219.1
Project("{FAE04EC0-301F-11D3-BF4B-00C04F79EFBC}") = "01.Furniture", "01.Furniture\01.Furniture.csproj", "{2A149A9A-D1AF-4615-A1C9-EF035EF77DB7}"
EndProject
Project("{FAE04EC0-301F-11D3-BF4B-00C04F79EFBC}") = "02.Race", "02.Race\02.Race.csproj", "{074E29D7-1BC9-4E09-88A8-2C9B21CA0484}"
EndProject
Project("{FAE04EC0-301F-11D3-BF4B-00C04F79EFBC}") = "03.SoftUniBarIncome", "03.SoftUniBarIncome\03.SoftUniBarIncome.csproj", "{A1248E0D-342F-4F11-B1A2-6673D7448581}"
EndProject
Project("{FAE04EC0-301F-11D3-BF4B-00C04F79EFBC}") = "04.StarEnigma", "04.StarEnigma\04.StarEnigma.csproj", "{3E86A6B5-7449-4DA2-863C-BAB52AB7110D}"
EndProject
Global
	GlobalSection(SolutionConfigurationPlatforms) = preSolution
		Debug|Any CPU = Debug|Any CPU
		Release|Any CPU = Release|Any CPU
	EndGlobalSection
	GlobalSection(ProjectConfigurationPlatforms) = postSolution
		{2A149A9A-D1AF-4615-A1C9-EF035EF77DB7}.Debug|Any CPU.ActiveCfg = Debug|Any CPU
		{2A149A9A-D1AF-4615-A1C9-EF035EF77DB7}.Debug|Any CPU.Build.0 = Debug|Any CPU
		{2A149A9A-D1AF-4615-A1C9-EF035EF77DB7}.Release|Any CPU.ActiveCfg = Release|Any CPU
		{2A149A9A-D1AF-4615-A1C9-EF035EF77DB7}.Release|Any CPU.Build.0 = Release|Any CPU
		{074E29D7-1BC9-4E09-88A8-2C9B21CA0484}.Debug|Any CPU.ActiveCfg = Debug|Any CPU
		{074E29D7-1BC9-4E09-88A8-2C9B21CA0484}.Debug|Any CPU.Build.0 = Debug|Any CPU
		{074E29D7-1BC9-4E09-88A8-2C9B21CA0484}.Release|Any CPU.ActiveCfg = Release|Any CPU
		{074E29D7-1BC9-4E09-88A8-2C9B21CA0484}.Release|Any CPU.Build.0 = Release|Any CPU
		{A1248E0D-342F-4F11-B1A2-6673D7448581}.Debug|Any CPU.ActiveCfg = Debug|Any CPU
		{A1248E0D-342F-4F11-B1A2-6673D7448581}.Debug|Any CPU.Build.0 = Debug|Any CPU
		{A1248E0D-342F-4F11-B1A2-6673D7448581}.Release|Any CPU.ActiveCfg = Release|Any CPU
		{A1248E0D-342F-4F11-B1A2-6673D7448581}.Release|Any CPU.Build.0 = Release|Any CPU
		{3E86A6B5-7449-4DA2-863C-BAB52AB7110D}.Debug|Any CPU.ActiveCfg = Debug|Any CPU
		{3E86A6B5-7449-4DA2-863C-BAB52AB7110D}.Debug|Any CPU.Build.0 = Debug|Any CPU
		{3E86A6B5-7449-4DA2-863C-BAB52AB7110D}.Release|Any CPU.ActiveCfg = Release|Any CPU
		{3E86A6B5-7449-4DA2-863C-BAB52AB7110D}.Release|Any CPU.Build.0 = Release|Any CPU
	EndGlobalSection
	GlobalSection(SolutionProperties) = preSolution
		HideSolutionNode = FALSE
	EndGlobalSection
	GlobalSection(ExtensibilityGlobals) = postSolution
		SolutionGuid = {541907E6-DB1D-408A-A2B7-B3A717D2E908}
	EndGlobalSection
EndGlobal
