
Microsoft Visual Studio Solution File, Format Version 12.00
# Visual Studio Version 17
VisualStudioVersion = 17.6.33723.286
MinimumVisualStudioVersion = 10.0.40219.1
Project("{FAE04EC0-301F-11D3-BF4B-00C04F79EFBC}") = "CoworkingSpace", "CoworkingSpace\CoworkingSpace.csproj", "{F1735CE4-5174-4DAA-9CCB-65E24F22EE0E}"
EndProject
Global
	GlobalSection(SolutionConfigurationPlatforms) = preSolution
		Debug|Any CPU = Debug|Any CPU
		Release|Any CPU = Release|Any CPU
	EndGlobalSection
	GlobalSection(ProjectConfigurationPlatforms) = postSolution
		{F1735CE4-5174-4DAA-9CCB-65E24F22EE0E}.Debug|Any CPU.ActiveCfg = Debug|Any CPU
		{F1735CE4-5174-4DAA-9CCB-65E24F22EE0E}.Debug|Any CPU.Build.0 = Debug|Any CPU
		{F1735CE4-5174-4DAA-9CCB-65E24F22EE0E}.Release|Any CPU.ActiveCfg = Release|Any CPU
		{F1735CE4-5174-4DAA-9CCB-65E24F22EE0E}.Release|Any CPU.Build.0 = Release|Any CPU
	EndGlobalSection
	GlobalSection(SolutionProperties) = preSolution
		HideSolutionNode = FALSE
	EndGlobalSection
	GlobalSection(ExtensibilityGlobals) = postSolution
		SolutionGuid = {AF92D976-CDB2-41A8-8492-EC9874CCA410}
	EndGlobalSection
EndGlobal
