
Microsoft Visual Studio Solution File, Format Version 12.00
# Visual Studio Version 17
VisualStudioVersion = 17.0.32112.339
MinimumVisualStudioVersion = 10.0.40219.1
Project("{FAE04EC0-301F-11D3-BF4B-00C04F79EFBC}") = "01.CountRealNumbers", "01.CountRealNumbers\01.CountRealNumbers.csproj", "{6DA6209E-BD3B-4C94-B40A-700C38E465AF}"
EndProject
Project("{FAE04EC0-301F-11D3-BF4B-00C04F79EFBC}") = "02.OddOccurrences", "02.OddOccurrences\02.OddOccurrences.csproj", "{94F12AD1-EF74-44C1-B285-3BD435FC0962}"
EndProject
Project("{FAE04EC0-301F-11D3-BF4B-00C04F79EFBC}") = "03.WordSynonyms", "03.WordSynonyms\03.WordSynonyms.csproj", "{B9F88588-9D7F-4493-9FB0-D907C0BC2184}"
EndProject
Project("{FAE04EC0-301F-11D3-BF4B-00C04F79EFBC}") = "04.WordFilter", "04.WordFilter\04.WordFilter.csproj", "{334F8C69-399B-43E6-815D-18486FC3EB1C}"
EndProject
Project("{FAE04EC0-301F-11D3-BF4B-00C04F79EFBC}") = "05.Lambda", "05.Lambda\05.Lambda.csproj", "{C593F821-4CE8-478B-80DA-05F6489E3161}"
EndProject
Global
	GlobalSection(SolutionConfigurationPlatforms) = preSolution
		Debug|Any CPU = Debug|Any CPU
		Release|Any CPU = Release|Any CPU
	EndGlobalSection
	GlobalSection(ProjectConfigurationPlatforms) = postSolution
		{6DA6209E-BD3B-4C94-B40A-700C38E465AF}.Debug|Any CPU.ActiveCfg = Debug|Any CPU
		{6DA6209E-BD3B-4C94-B40A-700C38E465AF}.Debug|Any CPU.Build.0 = Debug|Any CPU
		{6DA6209E-BD3B-4C94-B40A-700C38E465AF}.Release|Any CPU.ActiveCfg = Release|Any CPU
		{6DA6209E-BD3B-4C94-B40A-700C38E465AF}.Release|Any CPU.Build.0 = Release|Any CPU
		{94F12AD1-EF74-44C1-B285-3BD435FC0962}.Debug|Any CPU.ActiveCfg = Debug|Any CPU
		{94F12AD1-EF74-44C1-B285-3BD435FC0962}.Debug|Any CPU.Build.0 = Debug|Any CPU
		{94F12AD1-EF74-44C1-B285-3BD435FC0962}.Release|Any CPU.ActiveCfg = Release|Any CPU
		{94F12AD1-EF74-44C1-B285-3BD435FC0962}.Release|Any CPU.Build.0 = Release|Any CPU
		{B9F88588-9D7F-4493-9FB0-D907C0BC2184}.Debug|Any CPU.ActiveCfg = Debug|Any CPU
		{B9F88588-9D7F-4493-9FB0-D907C0BC2184}.Debug|Any CPU.Build.0 = Debug|Any CPU
		{B9F88588-9D7F-4493-9FB0-D907C0BC2184}.Release|Any CPU.ActiveCfg = Release|Any CPU
		{B9F88588-9D7F-4493-9FB0-D907C0BC2184}.Release|Any CPU.Build.0 = Release|Any CPU
		{334F8C69-399B-43E6-815D-18486FC3EB1C}.Debug|Any CPU.ActiveCfg = Debug|Any CPU
		{334F8C69-399B-43E6-815D-18486FC3EB1C}.Debug|Any CPU.Build.0 = Debug|Any CPU
		{334F8C69-399B-43E6-815D-18486FC3EB1C}.Release|Any CPU.ActiveCfg = Release|Any CPU
		{334F8C69-399B-43E6-815D-18486FC3EB1C}.Release|Any CPU.Build.0 = Release|Any CPU
		{C593F821-4CE8-478B-80DA-05F6489E3161}.Debug|Any CPU.ActiveCfg = Debug|Any CPU
		{C593F821-4CE8-478B-80DA-05F6489E3161}.Debug|Any CPU.Build.0 = Debug|Any CPU
		{C593F821-4CE8-478B-80DA-05F6489E3161}.Release|Any CPU.ActiveCfg = Release|Any CPU
		{C593F821-4CE8-478B-80DA-05F6489E3161}.Release|Any CPU.Build.0 = Release|Any CPU
	EndGlobalSection
	GlobalSection(SolutionProperties) = preSolution
		HideSolutionNode = FALSE
	EndGlobalSection
	GlobalSection(ExtensibilityGlobals) = postSolution
		SolutionGuid = {32D06CC8-D1AA-46F2-A7BE-6098EA29DC30}
	EndGlobalSection
EndGlobal
