
Microsoft Visual Studio Solution File, Format Version 12.00
# Visual Studio Version 17
VisualStudioVersion = 17.2.32602.215
MinimumVisualStudioVersion = 10.0.40219.1
Project("{9A19103F-16F7-4668-BE54-9A1E7A4F7556}") = "02.Snake", "02.Snake\02.Snake.csproj", "{B4E0CF63-F107-4D2C-BECE-CCAD6A16587D}"
EndProject
Project("{9A19103F-16F7-4668-BE54-9A1E7A4F7556}") = "01.Bombs", "01.Bombs\01.Bombs.csproj", "{309A3E61-FC4D-434E-A1E5-3C6C42770FAC}"
EndProject
Project("{9A19103F-16F7-4668-BE54-9A1E7A4F7556}") = "03.Parking", "03.Parking\Parking\03.Parking.csproj", "{6DD00C84-C1F1-4659-A9DE-D8EE9DC3FFAD}"
EndProject
Project("{9A19103F-16F7-4668-BE54-9A1E7A4F7556}") = "01. Flower Wreaths", "01. Flower Wreaths\01. Flower Wreaths.csproj", "{750ACDCF-7D2E-4CB7-B4DD-240117D1973F}"
EndProject
Project("{9A19103F-16F7-4668-BE54-9A1E7A4F7556}") = "02. Bee", "02. Bee\02. Bee.csproj", "{F1802652-150D-4EC2-9E56-E85E98366D39}"
EndProject
Project("{9A19103F-16F7-4668-BE54-9A1E7A4F7556}") = "03.VetClinic", "03.VetClinic\03.VetClinic.csproj", "{39330596-51EB-4578-B72C-495F05F6E312}"
EndProject
Project("{9A19103F-16F7-4668-BE54-9A1E7A4F7556}") = "01. Scheduling", "01. Scheduling\01. Scheduling.csproj", "{D42A744F-7808-499C-9C5E-92857377EC48}"
EndProject
Project("{9A19103F-16F7-4668-BE54-9A1E7A4F7556}") = "02. Garden", "02. Garden\02. Garden.csproj", "{D139BE1A-CAF0-4D5C-8139-E7C85E809BE5}"
EndProject
Project("{9A19103F-16F7-4668-BE54-9A1E7A4F7556}") = "03.ClassroomProject", "03.Classroom\03.ClassroomProject.csproj", "{F93A7F22-DBF9-460C-9F6F-536C95AB7A6D}"
EndProject
Project("{9A19103F-16F7-4668-BE54-9A1E7A4F7556}") = "01. Cooking", "01. Cooking\01. Cooking.csproj", "{DB3130DF-226D-44C1-8BEC-034D95A263FD}"
EndProject
Project("{9A19103F-16F7-4668-BE54-9A1E7A4F7556}") = "02. Selling", "02. Selling\02. Selling.csproj", "{34A5D93C-5621-41DB-B190-44134DB1642F}"
EndProject
Project("{9A19103F-16F7-4668-BE54-9A1E7A4F7556}") = "03.BakeryOpenning", "03. Openning\03.BakeryOpenning.csproj", "{72B1A191-C8DB-497C-BA1D-34253BA9DB8D}"
EndProject
Project("{9A19103F-16F7-4668-BE54-9A1E7A4F7556}") = "01. The Fight for Gondor", "01. The Fight for Gondor\01. The Fight for Gondor.csproj", "{147CA295-D6E4-4053-A2A9-BF813EE583EA}"
EndProject
Project("{9A19103F-16F7-4668-BE54-9A1E7A4F7556}") = "02. Warships", "02. Warships\02. Warships.csproj", "{5F817AE6-C1A9-4255-9CBB-C25E5E97ECEE}"
EndProject
Project("{9A19103F-16F7-4668-BE54-9A1E7A4F7556}") = "00.demo", "demo\00.demo.csproj", "{A23C7BE1-BC4E-48BD-AE33-D8896D73C9F7}"
EndProject
Project("{9A19103F-16F7-4668-BE54-9A1E7A4F7556}") = "03.TheRace", "03. The Race\03.TheRace.csproj", "{43E14F37-4344-496D-8806-04C6692B0234}"
EndProject
Project("{FAE04EC0-301F-11D3-BF4B-00C04F79EFBC}") = "01.Warm Winter", "01.Warm Winter\01.Warm Winter.csproj", "{B6FB48CA-7409-4B7F-8969-F4BD0B52E0B2}"
EndProject
Project("{FAE04EC0-301F-11D3-BF4B-00C04F79EFBC}") = "01. Barista Contest", "04.01.Exam\01. Barista Contest.csproj", "{EB7AB68C-F387-4137-BF5E-C23008B3DF01}"
EndProject
Project("{FAE04EC0-301F-11D3-BF4B-00C04F79EFBC}") = "02. Help-A-Mole", "04.02.Exam\02. Help-A-Mole.csproj", "{2BD82C56-F09D-4611-A004-E28E46200BAC}"
EndProject
Project("{FAE04EC0-301F-11D3-BF4B-00C04F79EFBC}") = "04.03.Exam", "04.03.Exam\04.03.Exam.csproj", "{9FD40DDD-B3D8-43DD-8C64-187219CB2DB4}"
EndProject
Project("{9A19103F-16F7-4668-BE54-9A1E7A4F7556}") = "Basketball", "03. Basketball_Skeleton\Basketball.csproj", "{E182C4A2-669A-4878-9F95-58425F22E29B}"
EndProject
Global
	GlobalSection(SolutionConfigurationPlatforms) = preSolution
		Debug|Any CPU = Debug|Any CPU
		Release|Any CPU = Release|Any CPU
	EndGlobalSection
	GlobalSection(ProjectConfigurationPlatforms) = postSolution
		{B4E0CF63-F107-4D2C-BECE-CCAD6A16587D}.Debug|Any CPU.ActiveCfg = Debug|Any CPU
		{B4E0CF63-F107-4D2C-BECE-CCAD6A16587D}.Debug|Any CPU.Build.0 = Debug|Any CPU
		{B4E0CF63-F107-4D2C-BECE-CCAD6A16587D}.Release|Any CPU.ActiveCfg = Release|Any CPU
		{B4E0CF63-F107-4D2C-BECE-CCAD6A16587D}.Release|Any CPU.Build.0 = Release|Any CPU
		{309A3E61-FC4D-434E-A1E5-3C6C42770FAC}.Debug|Any CPU.ActiveCfg = Debug|Any CPU
		{309A3E61-FC4D-434E-A1E5-3C6C42770FAC}.Debug|Any CPU.Build.0 = Debug|Any CPU
		{309A3E61-FC4D-434E-A1E5-3C6C42770FAC}.Release|Any CPU.ActiveCfg = Release|Any CPU
		{309A3E61-FC4D-434E-A1E5-3C6C42770FAC}.Release|Any CPU.Build.0 = Release|Any CPU
		{6DD00C84-C1F1-4659-A9DE-D8EE9DC3FFAD}.Debug|Any CPU.ActiveCfg = Debug|Any CPU
		{6DD00C84-C1F1-4659-A9DE-D8EE9DC3FFAD}.Debug|Any CPU.Build.0 = Debug|Any CPU
		{6DD00C84-C1F1-4659-A9DE-D8EE9DC3FFAD}.Release|Any CPU.ActiveCfg = Release|Any CPU
		{6DD00C84-C1F1-4659-A9DE-D8EE9DC3FFAD}.Release|Any CPU.Build.0 = Release|Any CPU
		{750ACDCF-7D2E-4CB7-B4DD-240117D1973F}.Debug|Any CPU.ActiveCfg = Debug|Any CPU
		{750ACDCF-7D2E-4CB7-B4DD-240117D1973F}.Debug|Any CPU.Build.0 = Debug|Any CPU
		{750ACDCF-7D2E-4CB7-B4DD-240117D1973F}.Release|Any CPU.ActiveCfg = Release|Any CPU
		{750ACDCF-7D2E-4CB7-B4DD-240117D1973F}.Release|Any CPU.Build.0 = Release|Any CPU
		{F1802652-150D-4EC2-9E56-E85E98366D39}.Debug|Any CPU.ActiveCfg = Debug|Any CPU
		{F1802652-150D-4EC2-9E56-E85E98366D39}.Debug|Any CPU.Build.0 = Debug|Any CPU
		{F1802652-150D-4EC2-9E56-E85E98366D39}.Release|Any CPU.ActiveCfg = Release|Any CPU
		{F1802652-150D-4EC2-9E56-E85E98366D39}.Release|Any CPU.Build.0 = Release|Any CPU
		{39330596-51EB-4578-B72C-495F05F6E312}.Debug|Any CPU.ActiveCfg = Debug|Any CPU
		{39330596-51EB-4578-B72C-495F05F6E312}.Debug|Any CPU.Build.0 = Debug|Any CPU
		{39330596-51EB-4578-B72C-495F05F6E312}.Release|Any CPU.ActiveCfg = Release|Any CPU
		{39330596-51EB-4578-B72C-495F05F6E312}.Release|Any CPU.Build.0 = Release|Any CPU
		{D42A744F-7808-499C-9C5E-92857377EC48}.Debug|Any CPU.ActiveCfg = Debug|Any CPU
		{D42A744F-7808-499C-9C5E-92857377EC48}.Debug|Any CPU.Build.0 = Debug|Any CPU
		{D42A744F-7808-499C-9C5E-92857377EC48}.Release|Any CPU.ActiveCfg = Release|Any CPU
		{D42A744F-7808-499C-9C5E-92857377EC48}.Release|Any CPU.Build.0 = Release|Any CPU
		{D139BE1A-CAF0-4D5C-8139-E7C85E809BE5}.Debug|Any CPU.ActiveCfg = Debug|Any CPU
		{D139BE1A-CAF0-4D5C-8139-E7C85E809BE5}.Debug|Any CPU.Build.0 = Debug|Any CPU
		{D139BE1A-CAF0-4D5C-8139-E7C85E809BE5}.Release|Any CPU.ActiveCfg = Release|Any CPU
		{D139BE1A-CAF0-4D5C-8139-E7C85E809BE5}.Release|Any CPU.Build.0 = Release|Any CPU
		{F93A7F22-DBF9-460C-9F6F-536C95AB7A6D}.Debug|Any CPU.ActiveCfg = Debug|Any CPU
		{F93A7F22-DBF9-460C-9F6F-536C95AB7A6D}.Debug|Any CPU.Build.0 = Debug|Any CPU
		{F93A7F22-DBF9-460C-9F6F-536C95AB7A6D}.Release|Any CPU.ActiveCfg = Release|Any CPU
		{F93A7F22-DBF9-460C-9F6F-536C95AB7A6D}.Release|Any CPU.Build.0 = Release|Any CPU
		{DB3130DF-226D-44C1-8BEC-034D95A263FD}.Debug|Any CPU.ActiveCfg = Debug|Any CPU
		{DB3130DF-226D-44C1-8BEC-034D95A263FD}.Debug|Any CPU.Build.0 = Debug|Any CPU
		{DB3130DF-226D-44C1-8BEC-034D95A263FD}.Release|Any CPU.ActiveCfg = Release|Any CPU
		{DB3130DF-226D-44C1-8BEC-034D95A263FD}.Release|Any CPU.Build.0 = Release|Any CPU
		{34A5D93C-5621-41DB-B190-44134DB1642F}.Debug|Any CPU.ActiveCfg = Debug|Any CPU
		{34A5D93C-5621-41DB-B190-44134DB1642F}.Debug|Any CPU.Build.0 = Debug|Any CPU
		{34A5D93C-5621-41DB-B190-44134DB1642F}.Release|Any CPU.ActiveCfg = Release|Any CPU
		{34A5D93C-5621-41DB-B190-44134DB1642F}.Release|Any CPU.Build.0 = Release|Any CPU
		{72B1A191-C8DB-497C-BA1D-34253BA9DB8D}.Debug|Any CPU.ActiveCfg = Debug|Any CPU
		{72B1A191-C8DB-497C-BA1D-34253BA9DB8D}.Debug|Any CPU.Build.0 = Debug|Any CPU
		{72B1A191-C8DB-497C-BA1D-34253BA9DB8D}.Release|Any CPU.ActiveCfg = Release|Any CPU
		{72B1A191-C8DB-497C-BA1D-34253BA9DB8D}.Release|Any CPU.Build.0 = Release|Any CPU
		{147CA295-D6E4-4053-A2A9-BF813EE583EA}.Debug|Any CPU.ActiveCfg = Debug|Any CPU
		{147CA295-D6E4-4053-A2A9-BF813EE583EA}.Debug|Any CPU.Build.0 = Debug|Any CPU
		{147CA295-D6E4-4053-A2A9-BF813EE583EA}.Release|Any CPU.ActiveCfg = Release|Any CPU
		{147CA295-D6E4-4053-A2A9-BF813EE583EA}.Release|Any CPU.Build.0 = Release|Any CPU
		{5F817AE6-C1A9-4255-9CBB-C25E5E97ECEE}.Debug|Any CPU.ActiveCfg = Debug|Any CPU
		{5F817AE6-C1A9-4255-9CBB-C25E5E97ECEE}.Debug|Any CPU.Build.0 = Debug|Any CPU
		{5F817AE6-C1A9-4255-9CBB-C25E5E97ECEE}.Release|Any CPU.ActiveCfg = Release|Any CPU
		{5F817AE6-C1A9-4255-9CBB-C25E5E97ECEE}.Release|Any CPU.Build.0 = Release|Any CPU
		{A23C7BE1-BC4E-48BD-AE33-D8896D73C9F7}.Debug|Any CPU.ActiveCfg = Debug|Any CPU
		{A23C7BE1-BC4E-48BD-AE33-D8896D73C9F7}.Debug|Any CPU.Build.0 = Debug|Any CPU
		{A23C7BE1-BC4E-48BD-AE33-D8896D73C9F7}.Release|Any CPU.ActiveCfg = Release|Any CPU
		{A23C7BE1-BC4E-48BD-AE33-D8896D73C9F7}.Release|Any CPU.Build.0 = Release|Any CPU
		{43E14F37-4344-496D-8806-04C6692B0234}.Debug|Any CPU.ActiveCfg = Debug|Any CPU
		{43E14F37-4344-496D-8806-04C6692B0234}.Debug|Any CPU.Build.0 = Debug|Any CPU
		{43E14F37-4344-496D-8806-04C6692B0234}.Release|Any CPU.ActiveCfg = Release|Any CPU
		{43E14F37-4344-496D-8806-04C6692B0234}.Release|Any CPU.Build.0 = Release|Any CPU
		{B6FB48CA-7409-4B7F-8969-F4BD0B52E0B2}.Debug|Any CPU.ActiveCfg = Debug|Any CPU
		{B6FB48CA-7409-4B7F-8969-F4BD0B52E0B2}.Debug|Any CPU.Build.0 = Debug|Any CPU
		{B6FB48CA-7409-4B7F-8969-F4BD0B52E0B2}.Release|Any CPU.ActiveCfg = Release|Any CPU
		{B6FB48CA-7409-4B7F-8969-F4BD0B52E0B2}.Release|Any CPU.Build.0 = Release|Any CPU
		{EB7AB68C-F387-4137-BF5E-C23008B3DF01}.Debug|Any CPU.ActiveCfg = Debug|Any CPU
		{EB7AB68C-F387-4137-BF5E-C23008B3DF01}.Debug|Any CPU.Build.0 = Debug|Any CPU
		{EB7AB68C-F387-4137-BF5E-C23008B3DF01}.Release|Any CPU.ActiveCfg = Release|Any CPU
		{EB7AB68C-F387-4137-BF5E-C23008B3DF01}.Release|Any CPU.Build.0 = Release|Any CPU
		{2BD82C56-F09D-4611-A004-E28E46200BAC}.Debug|Any CPU.ActiveCfg = Debug|Any CPU
		{2BD82C56-F09D-4611-A004-E28E46200BAC}.Debug|Any CPU.Build.0 = Debug|Any CPU
		{2BD82C56-F09D-4611-A004-E28E46200BAC}.Release|Any CPU.ActiveCfg = Release|Any CPU
		{2BD82C56-F09D-4611-A004-E28E46200BAC}.Release|Any CPU.Build.0 = Release|Any CPU
		{9FD40DDD-B3D8-43DD-8C64-187219CB2DB4}.Debug|Any CPU.ActiveCfg = Debug|Any CPU
		{9FD40DDD-B3D8-43DD-8C64-187219CB2DB4}.Debug|Any CPU.Build.0 = Debug|Any CPU
		{9FD40DDD-B3D8-43DD-8C64-187219CB2DB4}.Release|Any CPU.ActiveCfg = Release|Any CPU
		{9FD40DDD-B3D8-43DD-8C64-187219CB2DB4}.Release|Any CPU.Build.0 = Release|Any CPU
		{E182C4A2-669A-4878-9F95-58425F22E29B}.Debug|Any CPU.ActiveCfg = Debug|Any CPU
		{E182C4A2-669A-4878-9F95-58425F22E29B}.Debug|Any CPU.Build.0 = Debug|Any CPU
		{E182C4A2-669A-4878-9F95-58425F22E29B}.Release|Any CPU.ActiveCfg = Release|Any CPU
		{E182C4A2-669A-4878-9F95-58425F22E29B}.Release|Any CPU.Build.0 = Release|Any CPU
	EndGlobalSection
	GlobalSection(SolutionProperties) = preSolution
		HideSolutionNode = FALSE
	EndGlobalSection
	GlobalSection(ExtensibilityGlobals) = postSolution
		SolutionGuid = {312A9BDF-91F5-4F80-A99C-D28C41ADEBBF}
	EndGlobalSection
EndGlobal
