
Microsoft Visual Studio Solution File, Format Version 12.00
# Visual Studio Version 17
VisualStudioVersion = 17.2.32602.215
MinimumVisualStudioVersion = 10.0.40219.1
Project("{FAE04EC0-301F-11D3-BF4B-00C04F79EFBC}") = "01.Bombs", "bombs\01.Bombs.csproj", "{ED4C0B69-2300-4C01-82B3-D50D3AB1417B}"
EndProject
Project("{FAE04EC0-301F-11D3-BF4B-00C04F79EFBC}") = "02.Snake", "02.Snake\02.Snake.csproj", "{B4E0CF63-F107-4D2C-BECE-CCAD6A16587D}"
EndProject
Global
	GlobalSection(SolutionConfigurationPlatforms) = preSolution
		Debug|Any CPU = Debug|Any CPU
		Release|Any CPU = Release|Any CPU
	EndGlobalSection
	GlobalSection(ProjectConfigurationPlatforms) = postSolution
		{ED4C0B69-2300-4C01-82B3-D50D3AB1417B}.Debug|Any CPU.ActiveCfg = Debug|Any CPU
		{ED4C0B69-2300-4C01-82B3-D50D3AB1417B}.Debug|Any CPU.Build.0 = Debug|Any CPU
		{ED4C0B69-2300-4C01-82B3-D50D3AB1417B}.Release|Any CPU.ActiveCfg = Release|Any CPU
		{ED4C0B69-2300-4C01-82B3-D50D3AB1417B}.Release|Any CPU.Build.0 = Release|Any CPU
		{B4E0CF63-F107-4D2C-BECE-CCAD6A16587D}.Debug|Any CPU.ActiveCfg = Debug|Any CPU
		{B4E0CF63-F107-4D2C-BECE-CCAD6A16587D}.Debug|Any CPU.Build.0 = Debug|Any CPU
		{B4E0CF63-F107-4D2C-BECE-CCAD6A16587D}.Release|Any CPU.ActiveCfg = Release|Any CPU
		{B4E0CF63-F107-4D2C-BECE-CCAD6A16587D}.Release|Any CPU.Build.0 = Release|Any CPU
	EndGlobalSection
	GlobalSection(SolutionProperties) = preSolution
		HideSolutionNode = FALSE
	EndGlobalSection
	GlobalSection(ExtensibilityGlobals) = postSolution
		SolutionGuid = {312A9BDF-91F5-4F80-A99C-D28C41ADEBBF}
	EndGlobalSection
EndGlobal
