
Microsoft Visual Studio Solution File, Format Version 12.00
# Visual Studio Version 17
VisualStudioVersion = 17.6.33723.286
MinimumVisualStudioVersion = 10.0.40219.1
Project("{FAE04EC0-301F-11D3-BF4B-00C04F79EFBC}") = "ASP.NET Core SimplePages", "ASP.NET Core SimplePages\ASP.NET Core SimplePages.csproj", "{A0AFD777-2551-47F2-82BE-C147A62E1D4D}"
EndProject
Global
	GlobalSection(SolutionConfigurationPlatforms) = preSolution
		Debug|Any CPU = Debug|Any CPU
		Release|Any CPU = Release|Any CPU
	EndGlobalSection
	GlobalSection(ProjectConfigurationPlatforms) = postSolution
		{A0AFD777-2551-47F2-82BE-C147A62E1D4D}.Debug|Any CPU.ActiveCfg = Debug|Any CPU
		{A0AFD777-2551-47F2-82BE-C147A62E1D4D}.Debug|Any CPU.Build.0 = Debug|Any CPU
		{A0AFD777-2551-47F2-82BE-C147A62E1D4D}.Release|Any CPU.ActiveCfg = Release|Any CPU
		{A0AFD777-2551-47F2-82BE-C147A62E1D4D}.Release|Any CPU.Build.0 = Release|Any CPU
	EndGlobalSection
	GlobalSection(SolutionProperties) = preSolution
		HideSolutionNode = FALSE
	EndGlobalSection
	GlobalSection(ExtensibilityGlobals) = postSolution
		SolutionGuid = {20D1011E-CE57-49E7-8456-772F8690E98E}
	EndGlobalSection
EndGlobal
