
Microsoft Visual Studio Solution File, Format Version 12.00
# Visual Studio Version 17
VisualStudioVersion = 17.3.32901.215
MinimumVisualStudioVersion = 10.0.40219.1
Project("{FAE04EC0-301F-11D3-BF4B-00C04F79EFBC}") = "Vehicles", "Vehicles\Vehicles.csproj", "{6A10E338-250C-4851-BA6E-3C94271034D1}"
EndProject
Global
	GlobalSection(SolutionConfigurationPlatforms) = preSolution
		Debug|Any CPU = Debug|Any CPU
		Release|Any CPU = Release|Any CPU
	EndGlobalSection
	GlobalSection(ProjectConfigurationPlatforms) = postSolution
		{6A10E338-250C-4851-BA6E-3C94271034D1}.Debug|Any CPU.ActiveCfg = Debug|Any CPU
		{6A10E338-250C-4851-BA6E-3C94271034D1}.Debug|Any CPU.Build.0 = Debug|Any CPU
		{6A10E338-250C-4851-BA6E-3C94271034D1}.Release|Any CPU.ActiveCfg = Release|Any CPU
		{6A10E338-250C-4851-BA6E-3C94271034D1}.Release|Any CPU.Build.0 = Release|Any CPU
	EndGlobalSection
	GlobalSection(SolutionProperties) = preSolution
		HideSolutionNode = FALSE
	EndGlobalSection
	GlobalSection(ExtensibilityGlobals) = postSolution
		SolutionGuid = {91BDBCAD-2F1E-4AF9-9EBE-A063AFC518D2}
	EndGlobalSection
EndGlobal
