
Microsoft Visual Studio Solution File, Format Version 12.00
# Visual Studio Version 17
VisualStudioVersion = 17.2.32602.215
MinimumVisualStudioVersion = 10.0.40219.1
Project("{FAE04EC0-301F-11D3-BF4B-00C04F79EFBC}") = "Operations", "01.MathOperations\Operations.csproj", "{F052C2BA-58EA-4907-87F1-AB9446C51092}"
EndProject
Project("{FAE04EC0-301F-11D3-BF4B-00C04F79EFBC}") = "Animals", "02.Animals\Animals.csproj", "{691286B9-03B5-4DC9-B932-F72A9FA0FD87}"
EndProject
Global
	GlobalSection(SolutionConfigurationPlatforms) = preSolution
		Debug|Any CPU = Debug|Any CPU
		Release|Any CPU = Release|Any CPU
	EndGlobalSection
	GlobalSection(ProjectConfigurationPlatforms) = postSolution
		{F052C2BA-58EA-4907-87F1-AB9446C51092}.Debug|Any CPU.ActiveCfg = Debug|Any CPU
		{F052C2BA-58EA-4907-87F1-AB9446C51092}.Debug|Any CPU.Build.0 = Debug|Any CPU
		{F052C2BA-58EA-4907-87F1-AB9446C51092}.Release|Any CPU.ActiveCfg = Release|Any CPU
		{F052C2BA-58EA-4907-87F1-AB9446C51092}.Release|Any CPU.Build.0 = Release|Any CPU
		{691286B9-03B5-4DC9-B932-F72A9FA0FD87}.Debug|Any CPU.ActiveCfg = Debug|Any CPU
		{691286B9-03B5-4DC9-B932-F72A9FA0FD87}.Debug|Any CPU.Build.0 = Debug|Any CPU
		{691286B9-03B5-4DC9-B932-F72A9FA0FD87}.Release|Any CPU.ActiveCfg = Release|Any CPU
		{691286B9-03B5-4DC9-B932-F72A9FA0FD87}.Release|Any CPU.Build.0 = Release|Any CPU
	EndGlobalSection
	GlobalSection(SolutionProperties) = preSolution
		HideSolutionNode = FALSE
	EndGlobalSection
	GlobalSection(ExtensibilityGlobals) = postSolution
		SolutionGuid = {6C24A3F5-4B2A-48F7-A874-ABF13257F58D}
	EndGlobalSection
EndGlobal
