
Microsoft Visual Studio Solution File, Format Version 12.00
# Visual Studio Version 17
VisualStudioVersion = 17.7.34031.279
MinimumVisualStudioVersion = 10.0.40219.1
Project("{FAE04EC0-301F-11D3-BF4B-00C04F79EFBC}") = "qmark", "qmark\qmark.csproj", "{753D8F9D-9B31-4109-9132-0F5191D0187A}"
EndProject
Global
	GlobalSection(SolutionConfigurationPlatforms) = preSolution
		Debug|Any CPU = Debug|Any CPU
		Release|Any CPU = Release|Any CPU
	EndGlobalSection
	GlobalSection(ProjectConfigurationPlatforms) = postSolution
		{753D8F9D-9B31-4109-9132-0F5191D0187A}.Debug|Any CPU.ActiveCfg = Debug|Any CPU
		{753D8F9D-9B31-4109-9132-0F5191D0187A}.Debug|Any CPU.Build.0 = Debug|Any CPU
		{753D8F9D-9B31-4109-9132-0F5191D0187A}.Release|Any CPU.ActiveCfg = Release|Any CPU
		{753D8F9D-9B31-4109-9132-0F5191D0187A}.Release|Any CPU.Build.0 = Release|Any CPU
	EndGlobalSection
	GlobalSection(SolutionProperties) = preSolution
		HideSolutionNode = FALSE
	EndGlobalSection
	GlobalSection(ExtensibilityGlobals) = postSolution
		SolutionGuid = {DAAE0C44-183D-485A-BBCB-D51DF9911C6A}
	EndGlobalSection
EndGlobal
