
Microsoft Visual Studio Solution File, Format Version 12.00
# Visual Studio Version 17
VisualStudioVersion = 17.2.32602.215
MinimumVisualStudioVersion = 10.0.40219.1
Project("{9A19103F-16F7-4668-BE54-9A1E7A4F7556}") = "VehiclesExtention", "VehiclesExtention.csproj", "{8EC3D49D-273B-4BCE-88CB-045BFECF0454}"
EndProject
Global
	GlobalSection(SolutionConfigurationPlatforms) = preSolution
		Debug|Any CPU = Debug|Any CPU
		Release|Any CPU = Release|Any CPU
	EndGlobalSection
	GlobalSection(ProjectConfigurationPlatforms) = postSolution
		{8EC3D49D-273B-4BCE-88CB-045BFECF0454}.Debug|Any CPU.ActiveCfg = Debug|Any CPU
		{8EC3D49D-273B-4BCE-88CB-045BFECF0454}.Debug|Any CPU.Build.0 = Debug|Any CPU
		{8EC3D49D-273B-4BCE-88CB-045BFECF0454}.Release|Any CPU.ActiveCfg = Release|Any CPU
		{8EC3D49D-273B-4BCE-88CB-045BFECF0454}.Release|Any CPU.Build.0 = Release|Any CPU
	EndGlobalSection
	GlobalSection(SolutionProperties) = preSolution
		HideSolutionNode = FALSE
	EndGlobalSection
	GlobalSection(ExtensibilityGlobals) = postSolution
		SolutionGuid = {9926D087-BE53-42EE-AEDC-F8EDA6C6AF4C}
	EndGlobalSection
EndGlobal
