
Microsoft Visual Studio Solution File, Format Version 12.00
# Visual Studio Version 17
VisualStudioVersion = 17.6.33723.286
MinimumVisualStudioVersion = 10.0.40219.1
Project("{FAE04EC0-301F-11D3-BF4B-00C04F79EFBC}") = "Forum.App", "Forum.App\Forum.App.csproj", "{A50A3A01-5C85-4FE2-A25A-C644F7C19B5B}"
EndProject
Global
	GlobalSection(SolutionConfigurationPlatforms) = preSolution
		Debug|Any CPU = Debug|Any CPU
		Release|Any CPU = Release|Any CPU
	EndGlobalSection
	GlobalSection(ProjectConfigurationPlatforms) = postSolution
		{A50A3A01-5C85-4FE2-A25A-C644F7C19B5B}.Debug|Any CPU.ActiveCfg = Debug|Any CPU
		{A50A3A01-5C85-4FE2-A25A-C644F7C19B5B}.Debug|Any CPU.Build.0 = Debug|Any CPU
		{A50A3A01-5C85-4FE2-A25A-C644F7C19B5B}.Release|Any CPU.ActiveCfg = Release|Any CPU
		{A50A3A01-5C85-4FE2-A25A-C644F7C19B5B}.Release|Any CPU.Build.0 = Release|Any CPU
	EndGlobalSection
	GlobalSection(SolutionProperties) = preSolution
		HideSolutionNode = FALSE
	EndGlobalSection
	GlobalSection(ExtensibilityGlobals) = postSolution
		SolutionGuid = {00009541-8FBF-4F09-ABD8-B77BF1CAC03A}
	EndGlobalSection
EndGlobal
