
Microsoft Visual Studio Solution File, Format Version 12.00
# Visual Studio Version 17
VisualStudioVersion = 17.6.33723.286
MinimumVisualStudioVersion = 10.0.40219.1
Project("{FAE04EC0-301F-11D3-BF4B-00C04F79EFBC}") = "Copyshop", "Copyshop\Copyshop.csproj", "{FBBDADD8-F122-434D-A49E-6D1EBA65F6A2}"
EndProject
Global
	GlobalSection(SolutionConfigurationPlatforms) = preSolution
		Debug|Any CPU = Debug|Any CPU
		Release|Any CPU = Release|Any CPU
	EndGlobalSection
	GlobalSection(ProjectConfigurationPlatforms) = postSolution
		{FBBDADD8-F122-434D-A49E-6D1EBA65F6A2}.Debug|Any CPU.ActiveCfg = Debug|Any CPU
		{FBBDADD8-F122-434D-A49E-6D1EBA65F6A2}.Debug|Any CPU.Build.0 = Debug|Any CPU
		{FBBDADD8-F122-434D-A49E-6D1EBA65F6A2}.Release|Any CPU.ActiveCfg = Release|Any CPU
		{FBBDADD8-F122-434D-A49E-6D1EBA65F6A2}.Release|Any CPU.Build.0 = Release|Any CPU
	EndGlobalSection
	GlobalSection(SolutionProperties) = preSolution
		HideSolutionNode = FALSE
	EndGlobalSection
	GlobalSection(ExtensibilityGlobals) = postSolution
		SolutionGuid = {84A0376D-1880-4A42-BE06-C066B34D893A}
	EndGlobalSection
EndGlobal
