
Microsoft Visual Studio Solution File, Format Version 12.00
# Visual Studio Version 17
VisualStudioVersion = 17.2.32602.215
MinimumVisualStudioVersion = 10.0.40219.1
Project("{FAE04EC0-301F-11D3-BF4B-00C04F79EFBC}") = "01. Basic Stack Operations", "01. Basic Stack Operations\01. Basic Stack Operations.csproj", "{29065EAA-D262-4BD8-ADAE-BC89CEB2222F}"
EndProject
Project("{FAE04EC0-301F-11D3-BF4B-00C04F79EFBC}") = "02. Basic Queue Operations", "02. Basic Queue Operations\02. Basic Queue Operations.csproj", "{FEDD892A-B80F-4959-92CA-445064B0DA1C}"
EndProject
Project("{FAE04EC0-301F-11D3-BF4B-00C04F79EFBC}") = "03. Maximum and Minimum Element", "03. Maximum and Minimum Element\03. Maximum and Minimum Element.csproj", "{BF1CCD42-EE50-4D9E-A66E-70D2C494DEB7}"
EndProject
Project("{FAE04EC0-301F-11D3-BF4B-00C04F79EFBC}") = "04. Fast Food", "04. Fast Food\04. Fast Food.csproj", "{6C67C281-B7C2-4FC7-A0EA-0850F0836146}"
EndProject
Project("{FAE04EC0-301F-11D3-BF4B-00C04F79EFBC}") = "05. Fashion Boutique", "05. Fashion Boutique\05. Fashion Boutique.csproj", "{5078DACA-F351-4534-A06F-623AA07A81CD}"
EndProject
Project("{FAE04EC0-301F-11D3-BF4B-00C04F79EFBC}") = "06. Songs Queue", "06. Songs Queue\06. Songs Queue.csproj", "{4E691A25-AF5A-4D64-9103-E4D2CE2410DD}"
EndProject
Global
	GlobalSection(SolutionConfigurationPlatforms) = preSolution
		Debug|Any CPU = Debug|Any CPU
		Release|Any CPU = Release|Any CPU
	EndGlobalSection
	GlobalSection(ProjectConfigurationPlatforms) = postSolution
		{29065EAA-D262-4BD8-ADAE-BC89CEB2222F}.Debug|Any CPU.ActiveCfg = Debug|Any CPU
		{29065EAA-D262-4BD8-ADAE-BC89CEB2222F}.Debug|Any CPU.Build.0 = Debug|Any CPU
		{29065EAA-D262-4BD8-ADAE-BC89CEB2222F}.Release|Any CPU.ActiveCfg = Release|Any CPU
		{29065EAA-D262-4BD8-ADAE-BC89CEB2222F}.Release|Any CPU.Build.0 = Release|Any CPU
		{FEDD892A-B80F-4959-92CA-445064B0DA1C}.Debug|Any CPU.ActiveCfg = Debug|Any CPU
		{FEDD892A-B80F-4959-92CA-445064B0DA1C}.Debug|Any CPU.Build.0 = Debug|Any CPU
		{FEDD892A-B80F-4959-92CA-445064B0DA1C}.Release|Any CPU.ActiveCfg = Release|Any CPU
		{FEDD892A-B80F-4959-92CA-445064B0DA1C}.Release|Any CPU.Build.0 = Release|Any CPU
		{BF1CCD42-EE50-4D9E-A66E-70D2C494DEB7}.Debug|Any CPU.ActiveCfg = Debug|Any CPU
		{BF1CCD42-EE50-4D9E-A66E-70D2C494DEB7}.Debug|Any CPU.Build.0 = Debug|Any CPU
		{BF1CCD42-EE50-4D9E-A66E-70D2C494DEB7}.Release|Any CPU.ActiveCfg = Release|Any CPU
		{BF1CCD42-EE50-4D9E-A66E-70D2C494DEB7}.Release|Any CPU.Build.0 = Release|Any CPU
		{6C67C281-B7C2-4FC7-A0EA-0850F0836146}.Debug|Any CPU.ActiveCfg = Debug|Any CPU
		{6C67C281-B7C2-4FC7-A0EA-0850F0836146}.Debug|Any CPU.Build.0 = Debug|Any CPU
		{6C67C281-B7C2-4FC7-A0EA-0850F0836146}.Release|Any CPU.ActiveCfg = Release|Any CPU
		{6C67C281-B7C2-4FC7-A0EA-0850F0836146}.Release|Any CPU.Build.0 = Release|Any CPU
		{5078DACA-F351-4534-A06F-623AA07A81CD}.Debug|Any CPU.ActiveCfg = Debug|Any CPU
		{5078DACA-F351-4534-A06F-623AA07A81CD}.Debug|Any CPU.Build.0 = Debug|Any CPU
		{5078DACA-F351-4534-A06F-623AA07A81CD}.Release|Any CPU.ActiveCfg = Release|Any CPU
		{5078DACA-F351-4534-A06F-623AA07A81CD}.Release|Any CPU.Build.0 = Release|Any CPU
		{4E691A25-AF5A-4D64-9103-E4D2CE2410DD}.Debug|Any CPU.ActiveCfg = Debug|Any CPU
		{4E691A25-AF5A-4D64-9103-E4D2CE2410DD}.Debug|Any CPU.Build.0 = Debug|Any CPU
		{4E691A25-AF5A-4D64-9103-E4D2CE2410DD}.Release|Any CPU.ActiveCfg = Release|Any CPU
		{4E691A25-AF5A-4D64-9103-E4D2CE2410DD}.Release|Any CPU.Build.0 = Release|Any CPU
	EndGlobalSection
	GlobalSection(SolutionProperties) = preSolution
		HideSolutionNode = FALSE
	EndGlobalSection
	GlobalSection(ExtensibilityGlobals) = postSolution
		SolutionGuid = {924F9BB4-7CBB-4199-BAD2-10ED68CCDF4C}
	EndGlobalSection
EndGlobal
