
Microsoft Visual Studio Solution File, Format Version 12.00
# Visual Studio Version 17
VisualStudioVersion = 17.2.32602.215
MinimumVisualStudioVersion = 10.0.40219.1
Project("{FAE04EC0-301F-11D3-BF4B-00C04F79EFBC}") = "01.GenericBoxOfString", "01.GenericBoxOfString\01.GenericBoxOfString.csproj", "{9E9F73B7-E9E9-4E4F-AC0E-AAFD9BFD42AD}"
EndProject
Global
	GlobalSection(SolutionConfigurationPlatforms) = preSolution
		Debug|Any CPU = Debug|Any CPU
		Release|Any CPU = Release|Any CPU
	EndGlobalSection
	GlobalSection(ProjectConfigurationPlatforms) = postSolution
		{9E9F73B7-E9E9-4E4F-AC0E-AAFD9BFD42AD}.Debug|Any CPU.ActiveCfg = Debug|Any CPU
		{9E9F73B7-E9E9-4E4F-AC0E-AAFD9BFD42AD}.Debug|Any CPU.Build.0 = Debug|Any CPU
		{9E9F73B7-E9E9-4E4F-AC0E-AAFD9BFD42AD}.Release|Any CPU.ActiveCfg = Release|Any CPU
		{9E9F73B7-E9E9-4E4F-AC0E-AAFD9BFD42AD}.Release|Any CPU.Build.0 = Release|Any CPU
	EndGlobalSection
	GlobalSection(SolutionProperties) = preSolution
		HideSolutionNode = FALSE
	EndGlobalSection
	GlobalSection(ExtensibilityGlobals) = postSolution
		SolutionGuid = {41D46DBF-187F-44FC-AC03-2A682B5682AE}
	EndGlobalSection
EndGlobal
