
Microsoft Visual Studio Solution File, Format Version 12.00
# Visual Studio Version 17
VisualStudioVersion = 17.0.32112.339
MinimumVisualStudioVersion = 10.0.40219.1
Project("{FAE04EC0-301F-11D3-BF4B-00C04F79EFBC}") = "01.ActionPrint", "01.ActionPrint\01.ActionPrint.csproj", "{786D685E-B261-4F43-89BB-6C40944043AB}"
EndProject
Global
	GlobalSection(SolutionConfigurationPlatforms) = preSolution
		Debug|Any CPU = Debug|Any CPU
		Release|Any CPU = Release|Any CPU
	EndGlobalSection
	GlobalSection(ProjectConfigurationPlatforms) = postSolution
		{786D685E-B261-4F43-89BB-6C40944043AB}.Debug|Any CPU.ActiveCfg = Debug|Any CPU
		{786D685E-B261-4F43-89BB-6C40944043AB}.Debug|Any CPU.Build.0 = Debug|Any CPU
		{786D685E-B261-4F43-89BB-6C40944043AB}.Release|Any CPU.ActiveCfg = Release|Any CPU
		{786D685E-B261-4F43-89BB-6C40944043AB}.Release|Any CPU.Build.0 = Release|Any CPU
	EndGlobalSection
	GlobalSection(SolutionProperties) = preSolution
		HideSolutionNode = FALSE
	EndGlobalSection
	GlobalSection(ExtensibilityGlobals) = postSolution
		SolutionGuid = {4A981252-BD51-475D-A69D-E913836246C3}
	EndGlobalSection
EndGlobal
