
Microsoft Visual Studio Solution File, Format Version 12.00
# Visual Studio Version 17
VisualStudioVersion = 17.6.33723.286
MinimumVisualStudioVersion = 10.0.40219.1
Project("{FAE04EC0-301F-11D3-BF4B-00C04F79EFBC}") = "ASPNETCoreDemo", "ASPNETCoreDemo\ASPNETCoreDemo.csproj", "{34AA2047-06D2-48E0-BE30-934B60DDF5BC}"
EndProject
Global
	GlobalSection(SolutionConfigurationPlatforms) = preSolution
		Debug|Any CPU = Debug|Any CPU
		Release|Any CPU = Release|Any CPU
	EndGlobalSection
	GlobalSection(ProjectConfigurationPlatforms) = postSolution
		{34AA2047-06D2-48E0-BE30-934B60DDF5BC}.Debug|Any CPU.ActiveCfg = Debug|Any CPU
		{34AA2047-06D2-48E0-BE30-934B60DDF5BC}.Debug|Any CPU.Build.0 = Debug|Any CPU
		{34AA2047-06D2-48E0-BE30-934B60DDF5BC}.Release|Any CPU.ActiveCfg = Release|Any CPU
		{34AA2047-06D2-48E0-BE30-934B60DDF5BC}.Release|Any CPU.Build.0 = Release|Any CPU
	EndGlobalSection
	GlobalSection(SolutionProperties) = preSolution
		HideSolutionNode = FALSE
	EndGlobalSection
	GlobalSection(ExtensibilityGlobals) = postSolution
		SolutionGuid = {2726DB09-5B20-4424-9457-F9904BCCE45B}
	EndGlobalSection
EndGlobal
