
Microsoft Visual Studio Solution File, Format Version 12.00
# Visual Studio Version 17
VisualStudioVersion = 17.0.32112.339
MinimumVisualStudioVersion = 10.0.40219.1
Project("{9A19103F-16F7-4668-BE54-9A1E7A4F7556}") = "01.ReverseStrings", "01.ReverseStrings\01.ReverseStrings.csproj", "{31E1DE41-B11F-4A7F-A1D2-F142B5F9D818}"
EndProject
Project("{FAE04EC0-301F-11D3-BF4B-00C04F79EFBC}") = "02.RepeatStrings", "02.RepeatStrings\02.RepeatStrings.csproj", "{C8B4BBCC-80AD-4B89-A416-177993E2D417}"
EndProject
Project("{FAE04EC0-301F-11D3-BF4B-00C04F79EFBC}") = "03.Substring", "03.Substring\03.Substring.csproj", "{B9C2D717-A047-4160-A579-42A0354E6B2C}"
EndProject
Project("{FAE04EC0-301F-11D3-BF4B-00C04F79EFBC}") = "04.TextFilter", "04.TextFilter\04.TextFilter.csproj", "{963CF825-B67E-4C0F-80B3-B4E3B14B6531}"
EndProject
Project("{FAE04EC0-301F-11D3-BF4B-00C04F79EFBC}") = "05.DigitsLettersandOther", "05.DigitsLettersandOther\05.DigitsLettersandOther.csproj", "{F8393731-C92C-4CE7-84A7-2E523AD6FCCD}"
EndProject
Global
	GlobalSection(SolutionConfigurationPlatforms) = preSolution
		Debug|Any CPU = Debug|Any CPU
		Release|Any CPU = Release|Any CPU
	EndGlobalSection
	GlobalSection(ProjectConfigurationPlatforms) = postSolution
		{31E1DE41-B11F-4A7F-A1D2-F142B5F9D818}.Debug|Any CPU.ActiveCfg = Debug|Any CPU
		{31E1DE41-B11F-4A7F-A1D2-F142B5F9D818}.Debug|Any CPU.Build.0 = Debug|Any CPU
		{31E1DE41-B11F-4A7F-A1D2-F142B5F9D818}.Release|Any CPU.ActiveCfg = Release|Any CPU
		{31E1DE41-B11F-4A7F-A1D2-F142B5F9D818}.Release|Any CPU.Build.0 = Release|Any CPU
		{C8B4BBCC-80AD-4B89-A416-177993E2D417}.Debug|Any CPU.ActiveCfg = Debug|Any CPU
		{C8B4BBCC-80AD-4B89-A416-177993E2D417}.Debug|Any CPU.Build.0 = Debug|Any CPU
		{C8B4BBCC-80AD-4B89-A416-177993E2D417}.Release|Any CPU.ActiveCfg = Release|Any CPU
		{C8B4BBCC-80AD-4B89-A416-177993E2D417}.Release|Any CPU.Build.0 = Release|Any CPU
		{B9C2D717-A047-4160-A579-42A0354E6B2C}.Debug|Any CPU.ActiveCfg = Debug|Any CPU
		{B9C2D717-A047-4160-A579-42A0354E6B2C}.Debug|Any CPU.Build.0 = Debug|Any CPU
		{B9C2D717-A047-4160-A579-42A0354E6B2C}.Release|Any CPU.ActiveCfg = Release|Any CPU
		{B9C2D717-A047-4160-A579-42A0354E6B2C}.Release|Any CPU.Build.0 = Release|Any CPU
		{963CF825-B67E-4C0F-80B3-B4E3B14B6531}.Debug|Any CPU.ActiveCfg = Debug|Any CPU
		{963CF825-B67E-4C0F-80B3-B4E3B14B6531}.Debug|Any CPU.Build.0 = Debug|Any CPU
		{963CF825-B67E-4C0F-80B3-B4E3B14B6531}.Release|Any CPU.ActiveCfg = Release|Any CPU
		{963CF825-B67E-4C0F-80B3-B4E3B14B6531}.Release|Any CPU.Build.0 = Release|Any CPU
		{F8393731-C92C-4CE7-84A7-2E523AD6FCCD}.Debug|Any CPU.ActiveCfg = Debug|Any CPU
		{F8393731-C92C-4CE7-84A7-2E523AD6FCCD}.Debug|Any CPU.Build.0 = Debug|Any CPU
		{F8393731-C92C-4CE7-84A7-2E523AD6FCCD}.Release|Any CPU.ActiveCfg = Release|Any CPU
		{F8393731-C92C-4CE7-84A7-2E523AD6FCCD}.Release|Any CPU.Build.0 = Release|Any CPU
	EndGlobalSection
	GlobalSection(SolutionProperties) = preSolution
		HideSolutionNode = FALSE
	EndGlobalSection
	GlobalSection(ExtensibilityGlobals) = postSolution
		SolutionGuid = {AF8C91AE-9FFD-47BE-9F81-1B3A3ABB130E}
	EndGlobalSection
EndGlobal
