
Microsoft Visual Studio Solution File, Format Version 12.00
# Visual Studio Version 17
VisualStudioVersion = 17.0.32112.339
MinimumVisualStudioVersion = 10.0.40219.1
Project("{9A19103F-16F7-4668-BE54-9A1E7A4F7556}") = "01.Car", "01.Car\01.Car.csproj", "{0CFFEE5F-CEB0-412A-B344-6EE20A71F9E1}"
EndProject
Project("{9A19103F-16F7-4668-BE54-9A1E7A4F7556}") = "02.CarExtension", "02.CarExtension\02.CarExtension.csproj", "{BE60170D-9971-4D87-89F0-780561655664}"
EndProject
Project("{9A19103F-16F7-4668-BE54-9A1E7A4F7556}") = "03.CarConstructors", "03.CarConstructors\03.CarConstructors.csproj", "{8C1EFB85-A4CA-4CA5-9A15-4000AA966AF0}"
EndProject
Project("{FAE04EC0-301F-11D3-BF4B-00C04F79EFBC}") = "04.CarEngineAndTires", "04.CarEngineAndTires\04.CarEngineAndTires.csproj", "{27B79CF3-B0D3-4539-98FE-ACAE328C9AD1}"
EndProject
Project("{FAE04EC0-301F-11D3-BF4B-00C04F79EFBC}") = "05.SpecialCars", "05.SpecialCars\05.SpecialCars.csproj", "{BEC9E3D1-1829-4822-AC43-D853122577B8}"
EndProject
Global
	GlobalSection(SolutionConfigurationPlatforms) = preSolution
		Debug|Any CPU = Debug|Any CPU
		Release|Any CPU = Release|Any CPU
	EndGlobalSection
	GlobalSection(ProjectConfigurationPlatforms) = postSolution
		{0CFFEE5F-CEB0-412A-B344-6EE20A71F9E1}.Debug|Any CPU.ActiveCfg = Debug|Any CPU
		{0CFFEE5F-CEB0-412A-B344-6EE20A71F9E1}.Debug|Any CPU.Build.0 = Debug|Any CPU
		{0CFFEE5F-CEB0-412A-B344-6EE20A71F9E1}.Release|Any CPU.ActiveCfg = Release|Any CPU
		{0CFFEE5F-CEB0-412A-B344-6EE20A71F9E1}.Release|Any CPU.Build.0 = Release|Any CPU
		{BE60170D-9971-4D87-89F0-780561655664}.Debug|Any CPU.ActiveCfg = Debug|Any CPU
		{BE60170D-9971-4D87-89F0-780561655664}.Debug|Any CPU.Build.0 = Debug|Any CPU
		{BE60170D-9971-4D87-89F0-780561655664}.Release|Any CPU.ActiveCfg = Release|Any CPU
		{BE60170D-9971-4D87-89F0-780561655664}.Release|Any CPU.Build.0 = Release|Any CPU
		{8C1EFB85-A4CA-4CA5-9A15-4000AA966AF0}.Debug|Any CPU.ActiveCfg = Debug|Any CPU
		{8C1EFB85-A4CA-4CA5-9A15-4000AA966AF0}.Debug|Any CPU.Build.0 = Debug|Any CPU
		{8C1EFB85-A4CA-4CA5-9A15-4000AA966AF0}.Release|Any CPU.ActiveCfg = Release|Any CPU
		{8C1EFB85-A4CA-4CA5-9A15-4000AA966AF0}.Release|Any CPU.Build.0 = Release|Any CPU
		{27B79CF3-B0D3-4539-98FE-ACAE328C9AD1}.Debug|Any CPU.ActiveCfg = Debug|Any CPU
		{27B79CF3-B0D3-4539-98FE-ACAE328C9AD1}.Debug|Any CPU.Build.0 = Debug|Any CPU
		{27B79CF3-B0D3-4539-98FE-ACAE328C9AD1}.Release|Any CPU.ActiveCfg = Release|Any CPU
		{27B79CF3-B0D3-4539-98FE-ACAE328C9AD1}.Release|Any CPU.Build.0 = Release|Any CPU
		{BEC9E3D1-1829-4822-AC43-D853122577B8}.Debug|Any CPU.ActiveCfg = Debug|Any CPU
		{BEC9E3D1-1829-4822-AC43-D853122577B8}.Debug|Any CPU.Build.0 = Debug|Any CPU
		{BEC9E3D1-1829-4822-AC43-D853122577B8}.Release|Any CPU.ActiveCfg = Release|Any CPU
		{BEC9E3D1-1829-4822-AC43-D853122577B8}.Release|Any CPU.Build.0 = Release|Any CPU
	EndGlobalSection
	GlobalSection(SolutionProperties) = preSolution
		HideSolutionNode = FALSE
	EndGlobalSection
	GlobalSection(ExtensibilityGlobals) = postSolution
		SolutionGuid = {14AAC71E-C235-40AF-8D65-0CBFAD7C7EA6}
	EndGlobalSection
EndGlobal
